
Microsoft Visual Studio Solution File, Format Version 11.00
# Visual Studio 2010
Project("{FAE04EC0-301F-11D3-BF4B-00C04F79EFBC}") = "RussianElectionResultsScraper", "src\RussianElectionResultsScraper\RussianElectionResultsScraper.csproj", "{96B2D557-27E3-480E-8281-E2271997920E}"
EndProject
Project("{FAE04EC0-301F-11D3-BF4B-00C04F79EFBC}") = "RussianElectionResultsScraper.Tests", "src\RussianElectionResultsScraper.Tests\RussianElectionResultsScraper.Tests.csproj", "{4A5EFAC4-CE23-4C06-B5B9-86933CC748D0}"
EndProject
Global
	GlobalSection(SolutionConfigurationPlatforms) = preSolution
		Debug|Any CPU = Debug|Any CPU
		Debug|Mixed Platforms = Debug|Mixed Platforms
		Debug|x86 = Debug|x86
		Release|Any CPU = Release|Any CPU
		Release|Mixed Platforms = Release|Mixed Platforms
		Release|x86 = Release|x86
	EndGlobalSection
	GlobalSection(ProjectConfigurationPlatforms) = postSolution
		{96B2D557-27E3-480E-8281-E2271997920E}.Debug|Any CPU.ActiveCfg = Debug|x86
		{96B2D557-27E3-480E-8281-E2271997920E}.Debug|Mixed Platforms.ActiveCfg = Debug|x86
		{96B2D557-27E3-480E-8281-E2271997920E}.Debug|Mixed Platforms.Build.0 = Debug|x86
		{96B2D557-27E3-480E-8281-E2271997920E}.Debug|x86.ActiveCfg = Debug|x86
		{96B2D557-27E3-480E-8281-E2271997920E}.Debug|x86.Build.0 = Debug|x86
		{96B2D557-27E3-480E-8281-E2271997920E}.Release|Any CPU.ActiveCfg = Release|x86
		{96B2D557-27E3-480E-8281-E2271997920E}.Release|Mixed Platforms.ActiveCfg = Release|x86
		{96B2D557-27E3-480E-8281-E2271997920E}.Release|Mixed Platforms.Build.0 = Release|x86
		{96B2D557-27E3-480E-8281-E2271997920E}.Release|x86.ActiveCfg = Release|x86
		{96B2D557-27E3-480E-8281-E2271997920E}.Release|x86.Build.0 = Release|x86
		{4A5EFAC4-CE23-4C06-B5B9-86933CC748D0}.Debug|Any CPU.ActiveCfg = Debug|x86
		{4A5EFAC4-CE23-4C06-B5B9-86933CC748D0}.Debug|Mixed Platforms.ActiveCfg = Debug|x86
		{4A5EFAC4-CE23-4C06-B5B9-86933CC748D0}.Debug|Mixed Platforms.Build.0 = Debug|x86
		{4A5EFAC4-CE23-4C06-B5B9-86933CC748D0}.Debug|x86.ActiveCfg = Debug|x86
		{4A5EFAC4-CE23-4C06-B5B9-86933CC748D0}.Debug|x86.Build.0 = Debug|x86
		{4A5EFAC4-CE23-4C06-B5B9-86933CC748D0}.Release|Any CPU.ActiveCfg = Release|x86
		{4A5EFAC4-CE23-4C06-B5B9-86933CC748D0}.Release|Mixed Platforms.ActiveCfg = Release|x86
		{4A5EFAC4-CE23-4C06-B5B9-86933CC748D0}.Release|Mixed Platforms.Build.0 = Release|x86
		{4A5EFAC4-CE23-4C06-B5B9-86933CC748D0}.Release|x86.ActiveCfg = Release|x86
		{4A5EFAC4-CE23-4C06-B5B9-86933CC748D0}.Release|x86.Build.0 = Release|x86
		{C45218F8-09E7-4F57-85BC-5D8D2AC736A3}.Debug|Any CPU.ActiveCfg = Debug|Any CPU
		{C45218F8-09E7-4F57-85BC-5D8D2AC736A3}.Debug|Any CPU.Build.0 = Debug|Any CPU
		{C45218F8-09E7-4F57-85BC-5D8D2AC736A3}.Debug|Mixed Platforms.ActiveCfg = Debug|Any CPU
		{C45218F8-09E7-4F57-85BC-5D8D2AC736A3}.Debug|Mixed Platforms.Build.0 = Debug|Any CPU
		{C45218F8-09E7-4F57-85BC-5D8D2AC736A3}.Debug|x86.ActiveCfg = Debug|Any CPU
		{C45218F8-09E7-4F57-85BC-5D8D2AC736A3}.Release|Any CPU.ActiveCfg = Release|Any CPU
		{C45218F8-09E7-4F57-85BC-5D8D2AC736A3}.Release|Any CPU.Build.0 = Release|Any CPU
		{C45218F8-09E7-4F57-85BC-5D8D2AC736A3}.Release|Mixed Platforms.ActiveCfg = Release|Any CPU
		{C45218F8-09E7-4F57-85BC-5D8D2AC736A3}.Release|Mixed Platforms.Build.0 = Release|Any CPU
		{C45218F8-09E7-4F57-85BC-5D8D2AC736A3}.Release|x86.ActiveCfg = Release|Any CPU
	EndGlobalSection
	GlobalSection(SolutionProperties) = preSolution
		HideSolutionNode = FALSE
	EndGlobalSection
EndGlobal
