
Microsoft Visual Studio Solution File, Format Version 11.00
# Visual Studio 2010
Project("{FAE04EC0-301F-11D3-BF4B-00C04F79EFBC}") = "RussianElectionResultsScraper", "src\RussianElectionResultsScraper\RussianElectionResultsScraper.csproj", "{96B2D557-27E3-480E-8281-E2271997920E}"
EndProject
Project("{FAE04EC0-301F-11D3-BF4B-00C04F79EFBC}") = "RussianElectionResultsScraper.Tests", "src\RussianElectionResultsScraper.Tests\RussianElectionResultsScraper.Tests.csproj", "{4A5EFAC4-CE23-4C06-B5B9-86933CC748D0}"
EndProject
Project("{2150E333-8FDC-42A3-9474-1A3956D46DE8}") = ".nuget", ".nuget", "{D88FD1B3-C557-4951-B707-63DD5C79352B}"
	ProjectSection(SolutionItems) = preProject
		.nuget\NuGet.exe = .nuget\NuGet.exe
		.nuget\NuGet.targets = .nuget\NuGet.targets
	EndProjectSection
EndProject
Project("{FAE04EC0-301F-11D3-BF4B-00C04F79EFBC}") = "RussianElectionResultsScraper.Web", "src\RussianElectionResultsScraper.Web\RussianElectionResultsScraper.Web.csproj", "{36D7D4F2-5B4D-42B9-95AA-4B5813D88593}"
EndProject
Project("{FAE04EC0-301F-11D3-BF4B-00C04F79EFBC}") = "RussianElectionResultsScraper.Model", "src\RussianElectionResultsScraper.Model\RussianElectionResultsScraper.Model.csproj", "{9B63118E-2711-4F95-B9FF-47E3142CC986}"
EndProject
Project("{CC5FD16D-436D-48AD-A40C-5A424C6E3E79}") = "RussianElectionResultsScraper.Azure", "src\RussianElectionResultsScraper.Azure\RussianElectionResultsScraper.Azure.ccproj", "{83CDC262-63BA-4CBE-BAFB-9FF90A7194BD}"
EndProject
Global
	GlobalSection(SolutionConfigurationPlatforms) = preSolution
		Debug|Any CPU = Debug|Any CPU
		Debug|Mixed Platforms = Debug|Mixed Platforms
		Debug|x86 = Debug|x86
		Release|Any CPU = Release|Any CPU
		Release|Mixed Platforms = Release|Mixed Platforms
		Release|x86 = Release|x86
	EndGlobalSection
	GlobalSection(ProjectConfigurationPlatforms) = postSolution
		{96B2D557-27E3-480E-8281-E2271997920E}.Debug|Any CPU.ActiveCfg = Debug|x86
		{96B2D557-27E3-480E-8281-E2271997920E}.Debug|Any CPU.Build.0 = Debug|x86
		{96B2D557-27E3-480E-8281-E2271997920E}.Debug|Mixed Platforms.ActiveCfg = Debug|x86
		{96B2D557-27E3-480E-8281-E2271997920E}.Debug|Mixed Platforms.Build.0 = Debug|x86
		{96B2D557-27E3-480E-8281-E2271997920E}.Debug|x86.ActiveCfg = Debug|x86
		{96B2D557-27E3-480E-8281-E2271997920E}.Debug|x86.Build.0 = Debug|x86
		{96B2D557-27E3-480E-8281-E2271997920E}.Release|Any CPU.ActiveCfg = Release|x86
		{96B2D557-27E3-480E-8281-E2271997920E}.Release|Mixed Platforms.ActiveCfg = Release|x86
		{96B2D557-27E3-480E-8281-E2271997920E}.Release|Mixed Platforms.Build.0 = Release|x86
		{96B2D557-27E3-480E-8281-E2271997920E}.Release|x86.ActiveCfg = Release|x86
		{96B2D557-27E3-480E-8281-E2271997920E}.Release|x86.Build.0 = Release|x86
		{4A5EFAC4-CE23-4C06-B5B9-86933CC748D0}.Debug|Any CPU.ActiveCfg = Debug|x86
		{4A5EFAC4-CE23-4C06-B5B9-86933CC748D0}.Debug|Any CPU.Build.0 = Debug|x86
		{4A5EFAC4-CE23-4C06-B5B9-86933CC748D0}.Debug|Mixed Platforms.ActiveCfg = Debug|x86
		{4A5EFAC4-CE23-4C06-B5B9-86933CC748D0}.Debug|Mixed Platforms.Build.0 = Debug|x86
		{4A5EFAC4-CE23-4C06-B5B9-86933CC748D0}.Debug|x86.ActiveCfg = Debug|x86
		{4A5EFAC4-CE23-4C06-B5B9-86933CC748D0}.Debug|x86.Build.0 = Debug|x86
		{4A5EFAC4-CE23-4C06-B5B9-86933CC748D0}.Release|Any CPU.ActiveCfg = Release|x86
		{4A5EFAC4-CE23-4C06-B5B9-86933CC748D0}.Release|Mixed Platforms.ActiveCfg = Release|x86
		{4A5EFAC4-CE23-4C06-B5B9-86933CC748D0}.Release|Mixed Platforms.Build.0 = Release|x86
		{4A5EFAC4-CE23-4C06-B5B9-86933CC748D0}.Release|x86.ActiveCfg = Release|x86
		{4A5EFAC4-CE23-4C06-B5B9-86933CC748D0}.Release|x86.Build.0 = Release|x86
		{36D7D4F2-5B4D-42B9-95AA-4B5813D88593}.Debug|Any CPU.ActiveCfg = Debug|Any CPU
		{36D7D4F2-5B4D-42B9-95AA-4B5813D88593}.Debug|Any CPU.Build.0 = Debug|Any CPU
		{36D7D4F2-5B4D-42B9-95AA-4B5813D88593}.Debug|Mixed Platforms.ActiveCfg = Debug|Any CPU
		{36D7D4F2-5B4D-42B9-95AA-4B5813D88593}.Debug|Mixed Platforms.Build.0 = Debug|Any CPU
		{36D7D4F2-5B4D-42B9-95AA-4B5813D88593}.Debug|x86.ActiveCfg = Debug|Any CPU
		{36D7D4F2-5B4D-42B9-95AA-4B5813D88593}.Release|Any CPU.ActiveCfg = Release|Any CPU
		{36D7D4F2-5B4D-42B9-95AA-4B5813D88593}.Release|Any CPU.Build.0 = Release|Any CPU
		{36D7D4F2-5B4D-42B9-95AA-4B5813D88593}.Release|Mixed Platforms.ActiveCfg = Release|Any CPU
		{36D7D4F2-5B4D-42B9-95AA-4B5813D88593}.Release|Mixed Platforms.Build.0 = Release|Any CPU
		{36D7D4F2-5B4D-42B9-95AA-4B5813D88593}.Release|x86.ActiveCfg = Release|Any CPU
		{9B63118E-2711-4F95-B9FF-47E3142CC986}.Debug|Any CPU.ActiveCfg = Debug|Any CPU
		{9B63118E-2711-4F95-B9FF-47E3142CC986}.Debug|Any CPU.Build.0 = Debug|Any CPU
		{9B63118E-2711-4F95-B9FF-47E3142CC986}.Debug|Mixed Platforms.ActiveCfg = Debug|Any CPU
		{9B63118E-2711-4F95-B9FF-47E3142CC986}.Debug|Mixed Platforms.Build.0 = Debug|Any CPU
		{9B63118E-2711-4F95-B9FF-47E3142CC986}.Debug|x86.ActiveCfg = Debug|Any CPU
		{9B63118E-2711-4F95-B9FF-47E3142CC986}.Release|Any CPU.ActiveCfg = Release|Any CPU
		{9B63118E-2711-4F95-B9FF-47E3142CC986}.Release|Any CPU.Build.0 = Release|Any CPU
		{9B63118E-2711-4F95-B9FF-47E3142CC986}.Release|Mixed Platforms.ActiveCfg = Release|Any CPU
		{9B63118E-2711-4F95-B9FF-47E3142CC986}.Release|Mixed Platforms.Build.0 = Release|Any CPU
		{9B63118E-2711-4F95-B9FF-47E3142CC986}.Release|x86.ActiveCfg = Release|Any CPU
		{83CDC262-63BA-4CBE-BAFB-9FF90A7194BD}.Debug|Any CPU.ActiveCfg = Debug|Any CPU
		{83CDC262-63BA-4CBE-BAFB-9FF90A7194BD}.Debug|Any CPU.Build.0 = Debug|Any CPU
		{83CDC262-63BA-4CBE-BAFB-9FF90A7194BD}.Debug|Mixed Platforms.ActiveCfg = Debug|Any CPU
		{83CDC262-63BA-4CBE-BAFB-9FF90A7194BD}.Debug|Mixed Platforms.Build.0 = Debug|Any CPU
		{83CDC262-63BA-4CBE-BAFB-9FF90A7194BD}.Debug|x86.ActiveCfg = Debug|Any CPU
		{83CDC262-63BA-4CBE-BAFB-9FF90A7194BD}.Release|Any CPU.ActiveCfg = Release|Any CPU
		{83CDC262-63BA-4CBE-BAFB-9FF90A7194BD}.Release|Any CPU.Build.0 = Release|Any CPU
		{83CDC262-63BA-4CBE-BAFB-9FF90A7194BD}.Release|Mixed Platforms.ActiveCfg = Release|Any CPU
		{83CDC262-63BA-4CBE-BAFB-9FF90A7194BD}.Release|Mixed Platforms.Build.0 = Release|Any CPU
		{83CDC262-63BA-4CBE-BAFB-9FF90A7194BD}.Release|x86.ActiveCfg = Release|Any CPU
	EndGlobalSection
	GlobalSection(SolutionProperties) = preSolution
		HideSolutionNode = FALSE
	EndGlobalSection
EndGlobal
